
Microsoft Visual Studio Solution File, Format Version 12.00
# Visual Studio Version 16
VisualStudioVersion = 16.0.30907.101
MinimumVisualStudioVersion = 10.0.40219.1
Project("{FAE04EC0-301F-11D3-BF4B-00C04F79EFBC}") = "POOA_Projet_Yunong_Liu_et_Adrien_Lefevre", "POOA_Projet_Yunong_Liu_et_Adrien_Lefevre\POOA_Projet_Yunong_Liu_et_Adrien_Lefevre.csproj", "{045CE22F-B46D-472E-8263-1C1ECCCE748C}"
EndProject
Global
	GlobalSection(SolutionConfigurationPlatforms) = preSolution
		Debug|Any CPU = Debug|Any CPU
		Release|Any CPU = Release|Any CPU
	EndGlobalSection
	GlobalSection(ProjectConfigurationPlatforms) = postSolution
		{045CE22F-B46D-472E-8263-1C1ECCCE748C}.Debug|Any CPU.ActiveCfg = Debug|Any CPU
		{045CE22F-B46D-472E-8263-1C1ECCCE748C}.Debug|Any CPU.Build.0 = Debug|Any CPU
		{045CE22F-B46D-472E-8263-1C1ECCCE748C}.Release|Any CPU.ActiveCfg = Release|Any CPU
		{045CE22F-B46D-472E-8263-1C1ECCCE748C}.Release|Any CPU.Build.0 = Release|Any CPU
	EndGlobalSection
	GlobalSection(SolutionProperties) = preSolution
		HideSolutionNode = FALSE
	EndGlobalSection
	GlobalSection(ExtensibilityGlobals) = postSolution
		SolutionGuid = {D3CC4DD7-0007-4B01-BA27-F524CE3EFFE9}
	EndGlobalSection
EndGlobal
